// !$*UTF8*$!
{
	archiveVersion = 1;
	classes = {
	};
	objectVersion = 56;
	objects = {

/* Begin PBXBuildFile section */
		70C0B5952C5A6FDF005D8BC9 /* LittleLemonReservationApp.swift in Sources */ = {isa = PBXBuildFile; fileRef = 70C0B5942C5A6FDF005D8BC9 /* LittleLemonReservationApp.swift */; };
		70C0B59B2C5A6FE1005D8BC9 /* Assets.xcassets in Resources */ = {isa = PBXBuildFile; fileRef = 70C0B59A2C5A6FE1005D8BC9 /* Assets.xcassets */; };
		70C0B59E2C5A6FE1005D8BC9 /* Preview Assets.xcassets in Resources */ = {isa = PBXBuildFile; fileRef = 70C0B59D2C5A6FE1005D8BC9 /* Preview Assets.xcassets */; };
		70C0B5A82C5A6FE1005D8BC9 /* LittleLemonReservationTests.swift in Sources */ = {isa = PBXBuildFile; fileRef = 70C0B5A72C5A6FE1005D8BC9 /* LittleLemonReservationTests.swift */; };
		70C0B5B22C5A6FE1005D8BC9 /* LittleLemonReservationUITests.swift in Sources */ = {isa = PBXBuildFile; fileRef = 70C0B5B12C5A6FE1005D8BC9 /* LittleLemonReservationUITests.swift */; };
		70C0B5B42C5A6FE1005D8BC9 /* LittleLemonReservationUITestsLaunchTests.swift in Sources */ = {isa = PBXBuildFile; fileRef = 70C0B5B32C5A6FE1005D8BC9 /* LittleLemonReservationUITestsLaunchTests.swift */; };
		70C0B5C42C5A7621005D8BC9 /* LitttleLemonLogo.swift in Sources */ = {isa = PBXBuildFile; fileRef = 70C0B5C02C5A7621005D8BC9 /* LitttleLemonLogo.swift */; };
		70C0B5C52C5A7621005D8BC9 /* MainView.swift in Sources */ = {isa = PBXBuildFile; fileRef = 70C0B5C12C5A7621005D8BC9 /* MainView.swift */; };
		70C0B5C62C5A7621005D8BC9 /* LocationsView.swift in Sources */ = {isa = PBXBuildFile; fileRef = 70C0B5C22C5A7621005D8BC9 /* LocationsView.swift */; };
		70C0B5C72C5A7621005D8BC9 /* Model.swift in Sources */ = {isa = PBXBuildFile; fileRef = 70C0B5C32C5A7621005D8BC9 /* Model.swift */; };
		70C0B5CF2C5A7653005D8BC9 /* Reservation.swift in Sources */ = {isa = PBXBuildFile; fileRef = 70C0B5C82C5A7653005D8BC9 /* Reservation.swift */; };
		70C0B5D02C5A7653005D8BC9 /* ReservationForm.swift in Sources */ = {isa = PBXBuildFile; fileRef = 70C0B5C92C5A7653005D8BC9 /* ReservationForm.swift */; };
		70C0B5D12C5A7653005D8BC9 /* ReservationView.swift in Sources */ = {isa = PBXBuildFile; fileRef = 70C0B5CA2C5A7653005D8BC9 /* ReservationView.swift */; };
		70C0B5D22C5A7653005D8BC9 /* RestaurantLocation.swift in Sources */ = {isa = PBXBuildFile; fileRef = 70C0B5CC2C5A7653005D8BC9 /* RestaurantLocation.swift */; };
		70C0B5D32C5A7653005D8BC9 /* RestaurantView.swift in Sources */ = {isa = PBXBuildFile; fileRef = 70C0B5CD2C5A7653005D8BC9 /* RestaurantView.swift */; };
/* End PBXBuildFile section */

/* Begin PBXContainerItemProxy section */
		70C0B5A42C5A6FE1005D8BC9 /* PBXContainerItemProxy */ = {
			isa = PBXContainerItemProxy;
			containerPortal = 70C0B5892C5A6FDF005D8BC9 /* Project object */;
			proxyType = 1;
			remoteGlobalIDString = 70C0B5902C5A6FDF005D8BC9;
			remoteInfo = LittleLemonReservation;
		};
		70C0B5AE2C5A6FE1005D8BC9 /* PBXContainerItemProxy */ = {
			isa = PBXContainerItemProxy;
			containerPortal = 70C0B5892C5A6FDF005D8BC9 /* Project object */;
			proxyType = 1;
			remoteGlobalIDString = 70C0B5902C5A6FDF005D8BC9;
			remoteInfo = LittleLemonReservation;
		};
/* End PBXContainerItemProxy section */

/* Begin PBXFileReference section */
		70C0B5912C5A6FDF005D8BC9 /* LittleLemonReservation.app */ = {isa = PBXFileReference; explicitFileType = wrapper.application; includeInIndex = 0; path = LittleLemonReservation.app; sourceTree = BUILT_PRODUCTS_DIR; };
		70C0B5942C5A6FDF005D8BC9 /* LittleLemonReservationApp.swift */ = {isa = PBXFileReference; lastKnownFileType = sourcecode.swift; path = LittleLemonReservationApp.swift; sourceTree = "<group>"; };
		70C0B59A2C5A6FE1005D8BC9 /* Assets.xcassets */ = {isa = PBXFileReference; lastKnownFileType = folder.assetcatalog; path = Assets.xcassets; sourceTree = "<group>"; };
		70C0B59D2C5A6FE1005D8BC9 /* Preview Assets.xcassets */ = {isa = PBXFileReference; lastKnownFileType = folder.assetcatalog; path = "Preview Assets.xcassets"; sourceTree = "<group>"; };
		70C0B5A32C5A6FE1005D8BC9 /* LittleLemonReservationTests.xctest */ = {isa = PBXFileReference; explicitFileType = wrapper.cfbundle; includeInIndex = 0; path = LittleLemonReservationTests.xctest; sourceTree = BUILT_PRODUCTS_DIR; };
		70C0B5A72C5A6FE1005D8BC9 /* LittleLemonReservationTests.swift */ = {isa = PBXFileReference; lastKnownFileType = sourcecode.swift; path = LittleLemonReservationTests.swift; sourceTree = "<group>"; };
		70C0B5AD2C5A6FE1005D8BC9 /* LittleLemonReservationUITests.xctest */ = {isa = PBXFileReference; explicitFileType = wrapper.cfbundle; includeInIndex = 0; path = LittleLemonReservationUITests.xctest; sourceTree = BUILT_PRODUCTS_DIR; };
		70C0B5B12C5A6FE1005D8BC9 /* LittleLemonReservationUITests.swift */ = {isa = PBXFileReference; lastKnownFileType = sourcecode.swift; path = LittleLemonReservationUITests.swift; sourceTree = "<group>"; };
		70C0B5B32C5A6FE1005D8BC9 /* LittleLemonReservationUITestsLaunchTests.swift */ = {isa = PBXFileReference; lastKnownFileType = sourcecode.swift; path = LittleLemonReservationUITestsLaunchTests.swift; sourceTree = "<group>"; };
		70C0B5C02C5A7621005D8BC9 /* LitttleLemonLogo.swift */ = {isa = PBXFileReference; fileEncoding = 4; lastKnownFileType = sourcecode.swift; name = LitttleLemonLogo.swift; path = StartingProject/StartingProject/LitttleLemonLogo.swift; sourceTree = SOURCE_ROOT; };
		70C0B5C12C5A7621005D8BC9 /* MainView.swift */ = {isa = PBXFileReference; fileEncoding = 4; lastKnownFileType = sourcecode.swift; name = MainView.swift; path = StartingProject/StartingProject/MainView.swift; sourceTree = SOURCE_ROOT; };
		70C0B5C22C5A7621005D8BC9 /* LocationsView.swift */ = {isa = PBXFileReference; fileEncoding = 4; lastKnownFileType = sourcecode.swift; name = LocationsView.swift; path = StartingProject/StartingProject/LocationsView.swift; sourceTree = SOURCE_ROOT; };
		70C0B5C32C5A7621005D8BC9 /* Model.swift */ = {isa = PBXFileReference; fileEncoding = 4; lastKnownFileType = sourcecode.swift; name = Model.swift; path = StartingProject/StartingProject/Model.swift; sourceTree = SOURCE_ROOT; };
		70C0B5C82C5A7653005D8BC9 /* Reservation.swift */ = {isa = PBXFileReference; fileEncoding = 4; lastKnownFileType = sourcecode.swift; path = Reservation.swift; sourceTree = "<group>"; };
		70C0B5C92C5A7653005D8BC9 /* ReservationForm.swift */ = {isa = PBXFileReference; fileEncoding = 4; lastKnownFileType = sourcecode.swift; path = ReservationForm.swift; sourceTree = "<group>"; };
		70C0B5CA2C5A7653005D8BC9 /* ReservationView.swift */ = {isa = PBXFileReference; fileEncoding = 4; lastKnownFileType = sourcecode.swift; path = ReservationView.swift; sourceTree = "<group>"; };
		70C0B5CC2C5A7653005D8BC9 /* RestaurantLocation.swift */ = {isa = PBXFileReference; fileEncoding = 4; lastKnownFileType = sourcecode.swift; path = RestaurantLocation.swift; sourceTree = "<group>"; };
		70C0B5CD2C5A7653005D8BC9 /* RestaurantView.swift */ = {isa = PBXFileReference; fileEncoding = 4; lastKnownFileType = sourcecode.swift; path = RestaurantView.swift; sourceTree = "<group>"; };
/* End PBXFileReference section */

/* Begin PBXFrameworksBuildPhase section */
		70C0B58E2C5A6FDF005D8BC9 /* Frameworks */ = {
			isa = PBXFrameworksBuildPhase;
			buildActionMask = 2147483647;
			files = (
			);
			runOnlyForDeploymentPostprocessing = 0;
		};
		70C0B5A02C5A6FE1005D8BC9 /* Frameworks */ = {
			isa = PBXFrameworksBuildPhase;
			buildActionMask = 2147483647;
			files = (
			);
			runOnlyForDeploymentPostprocessing = 0;
		};
		70C0B5AA2C5A6FE1005D8BC9 /* Frameworks */ = {
			isa = PBXFrameworksBuildPhase;
			buildActionMask = 2147483647;
			files = (
			);
			runOnlyForDeploymentPostprocessing = 0;
		};
/* End PBXFrameworksBuildPhase section */

/* Begin PBXGroup section */
		70C0B5882C5A6FDF005D8BC9 = {
			isa = PBXGroup;
			children = (
				70C0B5932C5A6FDF005D8BC9 /* LittleLemonReservation */,
				70C0B5A62C5A6FE1005D8BC9 /* LittleLemonReservationTests */,
				70C0B5B02C5A6FE1005D8BC9 /* LittleLemonReservationUITests */,
				70C0B5922C5A6FDF005D8BC9 /* Products */,
			);
			sourceTree = "<group>";
		};
		70C0B5922C5A6FDF005D8BC9 /* Products */ = {
			isa = PBXGroup;
			children = (
				70C0B5912C5A6FDF005D8BC9 /* LittleLemonReservation.app */,
				70C0B5A32C5A6FE1005D8BC9 /* LittleLemonReservationTests.xctest */,
				70C0B5AD2C5A6FE1005D8BC9 /* LittleLemonReservationUITests.xctest */,
			);
			name = Products;
			sourceTree = "<group>";
		};
		70C0B5932C5A6FDF005D8BC9 /* LittleLemonReservation */ = {
			isa = PBXGroup;
			children = (
				70C0B5CB2C5A7653005D8BC9 /* RESERVATION */,
				70C0B5CE2C5A7653005D8BC9 /* RESTAURANT */,
				70C0B5C02C5A7621005D8BC9 /* LitttleLemonLogo.swift */,
				70C0B5C22C5A7621005D8BC9 /* LocationsView.swift */,
				70C0B5C12C5A7621005D8BC9 /* MainView.swift */,
				70C0B5C32C5A7621005D8BC9 /* Model.swift */,
				70C0B5942C5A6FDF005D8BC9 /* LittleLemonReservationApp.swift */,
				70C0B59A2C5A6FE1005D8BC9 /* Assets.xcassets */,
				70C0B59C2C5A6FE1005D8BC9 /* Preview Content */,
			);
			path = LittleLemonReservation;
			sourceTree = "<group>";
		};
		70C0B59C2C5A6FE1005D8BC9 /* Preview Content */ = {
			isa = PBXGroup;
			children = (
				70C0B59D2C5A6FE1005D8BC9 /* Preview Assets.xcassets */,
			);
			path = "Preview Content";
			sourceTree = "<group>";
		};
		70C0B5A62C5A6FE1005D8BC9 /* LittleLemonReservationTests */ = {
			isa = PBXGroup;
			children = (
				70C0B5A72C5A6FE1005D8BC9 /* LittleLemonReservationTests.swift */,
			);
			path = LittleLemonReservationTests;
			sourceTree = "<group>";
		};
		70C0B5B02C5A6FE1005D8BC9 /* LittleLemonReservationUITests */ = {
			isa = PBXGroup;
			children = (
				70C0B5B12C5A6FE1005D8BC9 /* LittleLemonReservationUITests.swift */,
				70C0B5B32C5A6FE1005D8BC9 /* LittleLemonReservationUITestsLaunchTests.swift */,
			);
			path = LittleLemonReservationUITests;
			sourceTree = "<group>";
		};
		70C0B5CB2C5A7653005D8BC9 /* RESERVATION */ = {
			isa = PBXGroup;
			children = (
				70C0B5C82C5A7653005D8BC9 /* Reservation.swift */,
				70C0B5C92C5A7653005D8BC9 /* ReservationForm.swift */,
				70C0B5CA2C5A7653005D8BC9 /* ReservationView.swift */,
			);
			name = RESERVATION;
			path = StartingProject/StartingProject/RESERVATION;
			sourceTree = SOURCE_ROOT;
		};
		70C0B5CE2C5A7653005D8BC9 /* RESTAURANT */ = {
			isa = PBXGroup;
			children = (
				70C0B5CC2C5A7653005D8BC9 /* RestaurantLocation.swift */,
				70C0B5CD2C5A7653005D8BC9 /* RestaurantView.swift */,
			);
			name = RESTAURANT;
			path = StartingProject/StartingProject/RESTAURANT;
			sourceTree = SOURCE_ROOT;
		};
/* End PBXGroup section */

/* Begin PBXNativeTarget section */
		70C0B5902C5A6FDF005D8BC9 /* LittleLemonReservation */ = {
			isa = PBXNativeTarget;
			buildConfigurationList = 70C0B5B72C5A6FE1005D8BC9 /* Build configuration list for PBXNativeTarget "LittleLemonReservation" */;
			buildPhases = (
				70C0B58D2C5A6FDF005D8BC9 /* Sources */,
				70C0B58E2C5A6FDF005D8BC9 /* Frameworks */,
				70C0B58F2C5A6FDF005D8BC9 /* Resources */,
			);
			buildRules = (
			);
			dependencies = (
			);
			name = LittleLemonReservation;
			productName = LittleLemonReservation;
			productReference = 70C0B5912C5A6FDF005D8BC9 /* LittleLemonReservation.app */;
			productType = "com.apple.product-type.application";
		};
		70C0B5A22C5A6FE1005D8BC9 /* LittleLemonReservationTests */ = {
			isa = PBXNativeTarget;
			buildConfigurationList = 70C0B5BA2C5A6FE1005D8BC9 /* Build configuration list for PBXNativeTarget "LittleLemonReservationTests" */;
			buildPhases = (
				70C0B59F2C5A6FE1005D8BC9 /* Sources */,
				70C0B5A02C5A6FE1005D8BC9 /* Frameworks */,
				70C0B5A12C5A6FE1005D8BC9 /* Resources */,
			);
			buildRules = (
			);
			dependencies = (
				70C0B5A52C5A6FE1005D8BC9 /* PBXTargetDependency */,
			);
			name = LittleLemonReservationTests;
			productName = LittleLemonReservationTests;
			productReference = 70C0B5A32C5A6FE1005D8BC9 /* LittleLemonReservationTests.xctest */;
			productType = "com.apple.product-type.bundle.unit-test";
		};
		70C0B5AC2C5A6FE1005D8BC9 /* LittleLemonReservationUITests */ = {
			isa = PBXNativeTarget;
			buildConfigurationList = 70C0B5BD2C5A6FE1005D8BC9 /* Build configuration list for PBXNativeTarget "LittleLemonReservationUITests" */;
			buildPhases = (
				70C0B5A92C5A6FE1005D8BC9 /* Sources */,
				70C0B5AA2C5A6FE1005D8BC9 /* Frameworks */,
				70C0B5AB2C5A6FE1005D8BC9 /* Resources */,
			);
			buildRules = (
			);
			dependencies = (
				70C0B5AF2C5A6FE1005D8BC9 /* PBXTargetDependency */,
			);
			name = LittleLemonReservationUITests;
			productName = LittleLemonReservationUITests;
			productReference = 70C0B5AD2C5A6FE1005D8BC9 /* LittleLemonReservationUITests.xctest */;
			productType = "com.apple.product-type.bundle.ui-testing";
		};
/* End PBXNativeTarget section */

/* Begin PBXProject section */
		70C0B5892C5A6FDF005D8BC9 /* Project object */ = {
			isa = PBXProject;
			attributes = {
				BuildIndependentTargetsInParallel = 1;
				LastSwiftUpdateCheck = 1540;
				LastUpgradeCheck = 1540;
				TargetAttributes = {
					70C0B5902C5A6FDF005D8BC9 = {
						CreatedOnToolsVersion = 15.4;
					};
					70C0B5A22C5A6FE1005D8BC9 = {
						CreatedOnToolsVersion = 15.4;
						TestTargetID = 70C0B5902C5A6FDF005D8BC9;
					};
					70C0B5AC2C5A6FE1005D8BC9 = {
						CreatedOnToolsVersion = 15.4;
						TestTargetID = 70C0B5902C5A6FDF005D8BC9;
					};
				};
			};
			buildConfigurationList = 70C0B58C2C5A6FDF005D8BC9 /* Build configuration list for PBXProject "LittleLemonReservation" */;
			compatibilityVersion = "Xcode 14.0";
			developmentRegion = en;
			hasScannedForEncodings = 0;
			knownRegions = (
				en,
				Base,
			);
			mainGroup = 70C0B5882C5A6FDF005D8BC9;
			productRefGroup = 70C0B5922C5A6FDF005D8BC9 /* Products */;
			projectDirPath = "";
			projectRoot = "";
			targets = (
				70C0B5902C5A6FDF005D8BC9 /* LittleLemonReservation */,
				70C0B5A22C5A6FE1005D8BC9 /* LittleLemonReservationTests */,
				70C0B5AC2C5A6FE1005D8BC9 /* LittleLemonReservationUITests */,
			);
		};
/* End PBXProject section */

/* Begin PBXResourcesBuildPhase section */
		70C0B58F2C5A6FDF005D8BC9 /* Resources */ = {
			isa = PBXResourcesBuildPhase;
			buildActionMask = 2147483647;
			files = (
				70C0B59E2C5A6FE1005D8BC9 /* Preview Assets.xcassets in Resources */,
				70C0B59B2C5A6FE1005D8BC9 /* Assets.xcassets in Resources */,
			);
			runOnlyForDeploymentPostprocessing = 0;
		};
		70C0B5A12C5A6FE1005D8BC9 /* Resources */ = {
			isa = PBXResourcesBuildPhase;
			buildActionMask = 2147483647;
			files = (
			);
			runOnlyForDeploymentPostprocessing = 0;
		};
		70C0B5AB2C5A6FE1005D8BC9 /* Resources */ = {
			isa = PBXResourcesBuildPhase;
			buildActionMask = 2147483647;
			files = (
			);
			runOnlyForDeploymentPostprocessing = 0;
		};
/* End PBXResourcesBuildPhase section */

/* Begin PBXSourcesBuildPhase section */
		70C0B58D2C5A6FDF005D8BC9 /* Sources */ = {
			isa = PBXSourcesBuildPhase;
			buildActionMask = 2147483647;
			files = (
				70C0B5C72C5A7621005D8BC9 /* Model.swift in Sources */,
				70C0B5D22C5A7653005D8BC9 /* RestaurantLocation.swift in Sources */,
				70C0B5952C5A6FDF005D8BC9 /* LittleLemonReservationApp.swift in Sources */,
				70C0B5C62C5A7621005D8BC9 /* LocationsView.swift in Sources */,
				70C0B5C52C5A7621005D8BC9 /* MainView.swift in Sources */,
				70C0B5CF2C5A7653005D8BC9 /* Reservation.swift in Sources */,
				70C0B5D12C5A7653005D8BC9 /* ReservationView.swift in Sources */,
				70C0B5C42C5A7621005D8BC9 /* LitttleLemonLogo.swift in Sources */,
				70C0B5D02C5A7653005D8BC9 /* ReservationForm.swift in Sources */,
				70C0B5D32C5A7653005D8BC9 /* RestaurantView.swift in Sources */,
			);
			runOnlyForDeploymentPostprocessing = 0;
		};
		70C0B59F2C5A6FE1005D8BC9 /* Sources */ = {
			isa = PBXSourcesBuildPhase;
			buildActionMask = 2147483647;
			files = (
				70C0B5A82C5A6FE1005D8BC9 /* LittleLemonReservationTests.swift in Sources */,
			);
			runOnlyForDeploymentPostprocessing = 0;
		};
		70C0B5A92C5A6FE1005D8BC9 /* Sources */ = {
			isa = PBXSourcesBuildPhase;
			buildActionMask = 2147483647;
			files = (
				70C0B5B22C5A6FE1005D8BC9 /* LittleLemonReservationUITests.swift in Sources */,
				70C0B5B42C5A6FE1005D8BC9 /* LittleLemonReservationUITestsLaunchTests.swift in Sources */,
			);
			runOnlyForDeploymentPostprocessing = 0;
		};
/* End PBXSourcesBuildPhase section */

/* Begin PBXTargetDependency section */
		70C0B5A52C5A6FE1005D8BC9 /* PBXTargetDependency */ = {
			isa = PBXTargetDependency;
			target = 70C0B5902C5A6FDF005D8BC9 /* LittleLemonReservation */;
			targetProxy = 70C0B5A42C5A6FE1005D8BC9 /* PBXContainerItemProxy */;
		};
		70C0B5AF2C5A6FE1005D8BC9 /* PBXTargetDependency */ = {
			isa = PBXTargetDependency;
			target = 70C0B5902C5A6FDF005D8BC9 /* LittleLemonReservation */;
			targetProxy = 70C0B5AE2C5A6FE1005D8BC9 /* PBXContainerItemProxy */;
		};
/* End PBXTargetDependency section */

/* Begin XCBuildConfiguration section */
		70C0B5B52C5A6FE1005D8BC9 /* Debug */ = {
			isa = XCBuildConfiguration;
			buildSettings = {
				ALWAYS_SEARCH_USER_PATHS = NO;
				ASSETCATALOG_COMPILER_GENERATE_SWIFT_ASSET_SYMBOL_EXTENSIONS = YES;
				CLANG_ANALYZER_NONNULL = YES;
				CLANG_ANALYZER_NUMBER_OBJECT_CONVERSION = YES_AGGRESSIVE;
				CLANG_CXX_LANGUAGE_STANDARD = "gnu++20";
				CLANG_ENABLE_MODULES = YES;
				CLANG_ENABLE_OBJC_ARC = YES;
				CLANG_ENABLE_OBJC_WEAK = YES;
				CLANG_WARN_BLOCK_CAPTURE_AUTORELEASING = YES;
				CLANG_WARN_BOOL_CONVERSION = YES;
				CLANG_WARN_COMMA = YES;
				CLANG_WARN_CONSTANT_CONVERSION = YES;
				CLANG_WARN_DEPRECATED_OBJC_IMPLEMENTATIONS = YES;
				CLANG_WARN_DIRECT_OBJC_ISA_USAGE = YES_ERROR;
				CLANG_WARN_DOCUMENTATION_COMMENTS = YES;
				CLANG_WARN_EMPTY_BODY = YES;
				CLANG_WARN_ENUM_CONVERSION = YES;
				CLANG_WARN_INFINITE_RECURSION = YES;
				CLANG_WARN_INT_CONVERSION = YES;
				CLANG_WARN_NON_LITERAL_NULL_CONVERSION = YES;
				CLANG_WARN_OBJC_IMPLICIT_RETAIN_SELF = YES;
				CLANG_WARN_OBJC_LITERAL_CONVERSION = YES;
				CLANG_WARN_OBJC_ROOT_CLASS = YES_ERROR;
				CLANG_WARN_QUOTED_INCLUDE_IN_FRAMEWORK_HEADER = YES;
				CLANG_WARN_RANGE_LOOP_ANALYSIS = YES;
				CLANG_WARN_STRICT_PROTOTYPES = YES;
				CLANG_WARN_SUSPICIOUS_MOVE = YES;
				CLANG_WARN_UNGUARDED_AVAILABILITY = YES_AGGRESSIVE;
				CLANG_WARN_UNREACHABLE_CODE = YES;
				CLANG_WARN__DUPLICATE_METHOD_MATCH = YES;
				COPY_PHASE_STRIP = NO;
				DEBUG_INFORMATION_FORMAT = dwarf;
				ENABLE_STRICT_OBJC_MSGSEND = YES;
				ENABLE_TESTABILITY = YES;
				ENABLE_USER_SCRIPT_SANDBOXING = YES;
				GCC_C_LANGUAGE_STANDARD = gnu17;
				GCC_DYNAMIC_NO_PIC = NO;
				GCC_NO_COMMON_BLOCKS = YES;
				GCC_OPTIMIZATION_LEVEL = 0;
				GCC_PREPROCESSOR_DEFINITIONS = (
					"DEBUG=1",
					"$(inherited)",
				);
				GCC_WARN_64_TO_32_BIT_CONVERSION = YES;
				GCC_WARN_ABOUT_RETURN_TYPE = YES_ERROR;
				GCC_WARN_UNDECLARED_SELECTOR = YES;
				GCC_WARN_UNINITIALIZED_AUTOS = YES_AGGRESSIVE;
				GCC_WARN_UNUSED_FUNCTION = YES;
				GCC_WARN_UNUSED_VARIABLE = YES;
				IPHONEOS_DEPLOYMENT_TARGET = 17.5;
				LOCALIZATION_PREFERS_STRING_CATALOGS = YES;
				MTL_ENABLE_DEBUG_INFO = INCLUDE_SOURCE;
				MTL_FAST_MATH = YES;
				ONLY_ACTIVE_ARCH = YES;
				SDKROOT = iphoneos;
				SWIFT_ACTIVE_COMPILATION_CONDITIONS = "DEBUG $(inherited)";
				SWIFT_OPTIMIZATION_LEVEL = "-Onone";
			};
			name = Debug;
		};
		70C0B5B62C5A6FE1005D8BC9 /* Release */ = {
			isa = XCBuildConfiguration;
			buildSettings = {
				ALWAYS_SEARCH_USER_PATHS = NO;
				ASSETCATALOG_COMPILER_GENERATE_SWIFT_ASSET_SYMBOL_EXTENSIONS = YES;
				CLANG_ANALYZER_NONNULL = YES;
				CLANG_ANALYZER_NUMBER_OBJECT_CONVERSION = YES_AGGRESSIVE;
				CLANG_CXX_LANGUAGE_STANDARD = "gnu++20";
				CLANG_ENABLE_MODULES = YES;
				CLANG_ENABLE_OBJC_ARC = YES;
				CLANG_ENABLE_OBJC_WEAK = YES;
				CLANG_WARN_BLOCK_CAPTURE_AUTORELEASING = YES;
				CLANG_WARN_BOOL_CONVERSION = YES;
				CLANG_WARN_COMMA = YES;
				CLANG_WARN_CONSTANT_CONVERSION = YES;
				CLANG_WARN_DEPRECATED_OBJC_IMPLEMENTATIONS = YES;
				CLANG_WARN_DIRECT_OBJC_ISA_USAGE = YES_ERROR;
				CLANG_WARN_DOCUMENTATION_COMMENTS = YES;
				CLANG_WARN_EMPTY_BODY = YES;
				CLANG_WARN_ENUM_CONVERSION = YES;
				CLANG_WARN_INFINITE_RECURSION = YES;
				CLANG_WARN_INT_CONVERSION = YES;
				CLANG_WARN_NON_LITERAL_NULL_CONVERSION = YES;
				CLANG_WARN_OBJC_IMPLICIT_RETAIN_SELF = YES;
				CLANG_WARN_OBJC_LITERAL_CONVERSION = YES;
				CLANG_WARN_OBJC_ROOT_CLASS = YES_ERROR;
				CLANG_WARN_QUOTED_INCLUDE_IN_FRAMEWORK_HEADER = YES;
				CLANG_WARN_RANGE_LOOP_ANALYSIS = YES;
				CLANG_WARN_STRICT_PROTOTYPES = YES;
				CLANG_WARN_SUSPICIOUS_MOVE = YES;
				CLANG_WARN_UNGUARDED_AVAILABILITY = YES_AGGRESSIVE;
				CLANG_WARN_UNREACHABLE_CODE = YES;
				CLANG_WARN__DUPLICATE_METHOD_MATCH = YES;
				COPY_PHASE_STRIP = NO;
				DEBUG_INFORMATION_FORMAT = "dwarf-with-dsym";
				ENABLE_NS_ASSERTIONS = NO;
				ENABLE_STRICT_OBJC_MSGSEND = YES;
				ENABLE_USER_SCRIPT_SANDBOXING = YES;
				GCC_C_LANGUAGE_STANDARD = gnu17;
				GCC_NO_COMMON_BLOCKS = YES;
				GCC_WARN_64_TO_32_BIT_CONVERSION = YES;
				GCC_WARN_ABOUT_RETURN_TYPE = YES_ERROR;
				GCC_WARN_UNDECLARED_SELECTOR = YES;
				GCC_WARN_UNINITIALIZED_AUTOS = YES_AGGRESSIVE;
				GCC_WARN_UNUSED_FUNCTION = YES;
				GCC_WARN_UNUSED_VARIABLE = YES;
				IPHONEOS_DEPLOYMENT_TARGET = 17.5;
				LOCALIZATION_PREFERS_STRING_CATALOGS = YES;
				MTL_ENABLE_DEBUG_INFO = NO;
				MTL_FAST_MATH = YES;
				SDKROOT = iphoneos;
				SWIFT_COMPILATION_MODE = wholemodule;
				VALIDATE_PRODUCT = YES;
			};
			name = Release;
		};
		70C0B5B82C5A6FE1005D8BC9 /* Debug */ = {
			isa = XCBuildConfiguration;
			buildSettings = {
				ASSETCATALOG_COMPILER_APPICON_NAME = AppIcon;
				ASSETCATALOG_COMPILER_GLOBAL_ACCENT_COLOR_NAME = AccentColor;
				CODE_SIGN_STYLE = Automatic;
				CURRENT_PROJECT_VERSION = 1;
				DEVELOPMENT_ASSET_PATHS = "\"LittleLemonReservation/Preview Content\"";
				DEVELOPMENT_TEAM = PJUFCZT7ZL;
				ENABLE_PREVIEWS = YES;
				GENERATE_INFOPLIST_FILE = YES;
				INFOPLIST_KEY_UIApplicationSceneManifest_Generation = YES;
				INFOPLIST_KEY_UIApplicationSupportsIndirectInputEvents = YES;
				INFOPLIST_KEY_UILaunchScreen_Generation = YES;
				INFOPLIST_KEY_UISupportedInterfaceOrientations_iPad = "UIInterfaceOrientationPortrait UIInterfaceOrientationPortraitUpsideDown UIInterfaceOrientationLandscapeLeft UIInterfaceOrientationLandscapeRight";
				INFOPLIST_KEY_UISupportedInterfaceOrientations_iPhone = "UIInterfaceOrientationPortrait UIInterfaceOrientationLandscapeLeft UIInterfaceOrientationLandscapeRight";
				LD_RUNPATH_SEARCH_PATHS = (
					"$(inherited)",
					"@executable_path/Frameworks",
				);
				MARKETING_VERSION = 1.0;
				PRODUCT_BUNDLE_IDENTIFIER = com.shegz.iosLearn.LittleLemonReservation;
				PRODUCT_NAME = "$(TARGET_NAME)";
				SWIFT_EMIT_LOC_STRINGS = YES;
				SWIFT_VERSION = 5.0;
				TARGETED_DEVICE_FAMILY = "1,2";
			};
			name = Debug;
		};
		70C0B5B92C5A6FE1005D8BC9 /* Release */ = {
			isa = XCBuildConfiguration;
			buildSettings = {
				ASSETCATALOG_COMPILER_APPICON_NAME = AppIcon;
				ASSETCATALOG_COMPILER_GLOBAL_ACCENT_COLOR_NAME = AccentColor;
				CODE_SIGN_STYLE = Automatic;
				CURRENT_PROJECT_VERSION = 1;
				DEVELOPMENT_ASSET_PATHS = "\"LittleLemonReservation/Preview Content\"";
				DEVELOPMENT_TEAM = PJUFCZT7ZL;
				ENABLE_PREVIEWS = YES;
				GENERATE_INFOPLIST_FILE = YES;
				INFOPLIST_KEY_UIApplicationSceneManifest_Generation = YES;
				INFOPLIST_KEY_UIApplicationSupportsIndirectInputEvents = YES;
				INFOPLIST_KEY_UILaunchScreen_Generation = YES;
				INFOPLIST_KEY_UISupportedInterfaceOrientations_iPad = "UIInterfaceOrientationPortrait UIInterfaceOrientationPortraitUpsideDown UIInterfaceOrientationLandscapeLeft UIInterfaceOrientationLandscapeRight";
				INFOPLIST_KEY_UISupportedInterfaceOrientations_iPhone = "UIInterfaceOrientationPortrait UIInterfaceOrientationLandscapeLeft UIInterfaceOrientationLandscapeRight";
				LD_RUNPATH_SEARCH_PATHS = (
					"$(inherited)",
					"@executable_path/Frameworks",
				);
				MARKETING_VERSION = 1.0;
				PRODUCT_BUNDLE_IDENTIFIER = com.shegz.iosLearn.LittleLemonReservation;
				PRODUCT_NAME = "$(TARGET_NAME)";
				SWIFT_EMIT_LOC_STRINGS = YES;
				SWIFT_VERSION = 5.0;
				TARGETED_DEVICE_FAMILY = "1,2";
			};
			name = Release;
		};
		70C0B5BB2C5A6FE1005D8BC9 /* Debug */ = {
			isa = XCBuildConfiguration;
			buildSettings = {
				ALWAYS_EMBED_SWIFT_STANDARD_LIBRARIES = YES;
				BUNDLE_LOADER = "$(TEST_HOST)";
				CODE_SIGN_STYLE = Automatic;
				CURRENT_PROJECT_VERSION = 1;
				DEVELOPMENT_TEAM = PJUFCZT7ZL;
				GENERATE_INFOPLIST_FILE = YES;
				IPHONEOS_DEPLOYMENT_TARGET = 17.5;
				MARKETING_VERSION = 1.0;
				PRODUCT_BUNDLE_IDENTIFIER = com.shegz.iosLearn.LittleLemonReservationTests;
				PRODUCT_NAME = "$(TARGET_NAME)";
				SWIFT_EMIT_LOC_STRINGS = NO;
				SWIFT_VERSION = 5.0;
				TARGETED_DEVICE_FAMILY = "1,2";
				TEST_HOST = "$(BUILT_PRODUCTS_DIR)/LittleLemonReservation.app/$(BUNDLE_EXECUTABLE_FOLDER_PATH)/LittleLemonReservation";
			};
			name = Debug;
		};
		70C0B5BC2C5A6FE1005D8BC9 /* Release */ = {
			isa = XCBuildConfiguration;
			buildSettings = {
				ALWAYS_EMBED_SWIFT_STANDARD_LIBRARIES = YES;
				BUNDLE_LOADER = "$(TEST_HOST)";
				CODE_SIGN_STYLE = Automatic;
				CURRENT_PROJECT_VERSION = 1;
				DEVELOPMENT_TEAM = PJUFCZT7ZL;
				GENERATE_INFOPLIST_FILE = YES;
				IPHONEOS_DEPLOYMENT_TARGET = 17.5;
				MARKETING_VERSION = 1.0;
				PRODUCT_BUNDLE_IDENTIFIER = com.shegz.iosLearn.LittleLemonReservationTests;
				PRODUCT_NAME = "$(TARGET_NAME)";
				SWIFT_EMIT_LOC_STRINGS = NO;
				SWIFT_VERSION = 5.0;
				TARGETED_DEVICE_FAMILY = "1,2";
				TEST_HOST = "$(BUILT_PRODUCTS_DIR)/LittleLemonReservation.app/$(BUNDLE_EXECUTABLE_FOLDER_PATH)/LittleLemonReservation";
			};
			name = Release;
		};
		70C0B5BE2C5A6FE1005D8BC9 /* Debug */ = {
			isa = XCBuildConfiguration;
			buildSettings = {
				ALWAYS_EMBED_SWIFT_STANDARD_LIBRARIES = YES;
				CODE_SIGN_STYLE = Automatic;
				CURRENT_PROJECT_VERSION = 1;
				DEVELOPMENT_TEAM = PJUFCZT7ZL;
				GENERATE_INFOPLIST_FILE = YES;
				MARKETING_VERSION = 1.0;
				PRODUCT_BUNDLE_IDENTIFIER = com.shegz.iosLearn.LittleLemonReservationUITests;
				PRODUCT_NAME = "$(TARGET_NAME)";
				SWIFT_EMIT_LOC_STRINGS = NO;
				SWIFT_VERSION = 5.0;
				TARGETED_DEVICE_FAMILY = "1,2";
				TEST_TARGET_NAME = LittleLemonReservation;
			};
			name = Debug;
		};
		70C0B5BF2C5A6FE1005D8BC9 /* Release */ = {
			isa = XCBuildConfiguration;
			buildSettings = {
				ALWAYS_EMBED_SWIFT_STANDARD_LIBRARIES = YES;
				CODE_SIGN_STYLE = Automatic;
				CURRENT_PROJECT_VERSION = 1;
				DEVELOPMENT_TEAM = PJUFCZT7ZL;
				GENERATE_INFOPLIST_FILE = YES;
				MARKETING_VERSION = 1.0;
				PRODUCT_BUNDLE_IDENTIFIER = com.shegz.iosLearn.LittleLemonReservationUITests;
				PRODUCT_NAME = "$(TARGET_NAME)";
				SWIFT_EMIT_LOC_STRINGS = NO;
				SWIFT_VERSION = 5.0;
				TARGETED_DEVICE_FAMILY = "1,2";
				TEST_TARGET_NAME = LittleLemonReservation;
			};
			name = Release;
		};
/* End XCBuildConfiguration section */

/* Begin XCConfigurationList section */
		70C0B58C2C5A6FDF005D8BC9 /* Build configuration list for PBXProject "LittleLemonReservation" */ = {
			isa = XCConfigurationList;
			buildConfigurations = (
				70C0B5B52C5A6FE1005D8BC9 /* Debug */,
				70C0B5B62C5A6FE1005D8BC9 /* Release */,
			);
			defaultConfigurationIsVisible = 0;
			defaultConfigurationName = Release;
		};
		70C0B5B72C5A6FE1005D8BC9 /* Build configuration list for PBXNativeTarget "LittleLemonReservation" */ = {
			isa = XCConfigurationList;
			buildConfigurations = (
				70C0B5B82C5A6FE1005D8BC9 /* Debug */,
				70C0B5B92C5A6FE1005D8BC9 /* Release */,
			);
			defaultConfigurationIsVisible = 0;
			defaultConfigurationName = Release;
		};
		70C0B5BA2C5A6FE1005D8BC9 /* Build configuration list for PBXNativeTarget "LittleLemonReservationTests" */ = {
			isa = XCConfigurationList;
			buildConfigurations = (
				70C0B5BB2C5A6FE1005D8BC9 /* Debug */,
				70C0B5BC2C5A6FE1005D8BC9 /* Release */,
			);
			defaultConfigurationIsVisible = 0;
			defaultConfigurationName = Release;
		};
		70C0B5BD2C5A6FE1005D8BC9 /* Build configuration list for PBXNativeTarget "LittleLemonReservationUITests" */ = {
			isa = XCConfigurationList;
			buildConfigurations = (
				70C0B5BE2C5A6FE1005D8BC9 /* Debug */,
				70C0B5BF2C5A6FE1005D8BC9 /* Release */,
			);
			defaultConfigurationIsVisible = 0;
			defaultConfigurationName = Release;
		};
/* End XCConfigurationList section */
	};
	rootObject = 70C0B5892C5A6FDF005D8BC9 /* Project object */;
}
